
Microsoft Visual Studio Solution File, Format Version 12.00
# Visual Studio Version 17
VisualStudioVersion = 17.5.33530.505
MinimumVisualStudioVersion = 10.0.40219.1
Project("{9A19103F-16F7-4668-BE54-9A1E7A4F7556}") = "AppFramework", "AppFramework\AppFramework.csproj", "{B02F15AA-6B86-4B13-BEF7-5D22239F272F}"
EndProject
Project("{2150E333-8FDC-42A3-9474-1A3956D46DE8}") = "src", "src", "{BE4607F6-F9FB-464F-8146-6C1087C5A58F}"
EndProject
Project("{2150E333-8FDC-42A3-9474-1A3956D46DE8}") = "BookLendingService", "BookLendingService", "{8829ED7A-4A6B-480F-BCE0-0AEF24FA49E5}"
EndProject
Project("{2150E333-8FDC-42A3-9474-1A3956D46DE8}") = "LibraryManagementService", "LibraryManagementService", "{70DEBD62-1CA7-4C86-BFCF-0A7FB072CB58}"
EndProject
Project("{2150E333-8FDC-42A3-9474-1A3956D46DE8}") = "BookSearchService", "BookSearchService", "{964A9B13-6CD4-4982-891E-87C2A8A25539}"
EndProject
Project("{2150E333-8FDC-42A3-9474-1A3956D46DE8}") = "NotificationService", "NotificationService", "{8ED1C5DB-9F7F-4565-A3E4-F5A21B25A73B}"
EndProject
Project("{2150E333-8FDC-42A3-9474-1A3956D46DE8}") = "Domain", "Domain", "{88BE7990-FDFE-43E2-BF67-71C3ABD7E57D}"
EndProject
Project("{2150E333-8FDC-42A3-9474-1A3956D46DE8}") = "Application", "Application", "{85B86C10-DE63-4FCA-97A2-2A7C5ED4F6D4}"
EndProject
Project("{2150E333-8FDC-42A3-9474-1A3956D46DE8}") = "Presentation", "Presentation", "{74DACCC1-F196-4E72-B01C-FF2D03188408}"
EndProject
Project("{2150E333-8FDC-42A3-9474-1A3956D46DE8}") = "Infrastructure", "Infrastructure", "{F97C63DF-D3FA-470A-8EAD-4F789209B285}"
EndProject
Project("{9A19103F-16F7-4668-BE54-9A1E7A4F7556}") = "LMS.Infrastructure", "LMS.Infrastructure\LMS.Infrastructure.csproj", "{4B21B279-6F8C-48D6-BAA7-BD12A3E0EA58}"
EndProject
Project("{9A19103F-16F7-4668-BE54-9A1E7A4F7556}") = "LMS.EndPoint", "LMS.EndPoint\LMS.EndPoint.csproj", "{ABC3DC41-66F3-4B0B-9C37-661061E3D43B}"
EndProject
Project("{9A19103F-16F7-4668-BE54-9A1E7A4F7556}") = "LMS.Domain", "LMS.Domain\LMS.Domain.csproj", "{0F62BD17-CE03-4919-ACFE-8682B1732B98}"
EndProject
Project("{9A19103F-16F7-4668-BE54-9A1E7A4F7556}") = "LMS.Contracts", "LMS.Contracts\LMS.Contracts.csproj", "{02C633D3-26D8-4719-A9B8-F249D70EC9A9}"
EndProject
Project("{9A19103F-16F7-4668-BE54-9A1E7A4F7556}") = "LMS.Services", "LMS.Services\LMS.Services.csproj", "{5FAF102B-305E-48C2-BB79-574A9D0A85A5}"
EndProject
Project("{2150E333-8FDC-42A3-9474-1A3956D46DE8}") = "Domain", "Domain", "{FD037535-7383-448B-9748-0B7FF205C28C}"
EndProject
Project("{2150E333-8FDC-42A3-9474-1A3956D46DE8}") = "Infrastructure", "Infrastructure", "{8EF5348E-7DC9-4F58-A090-6F761FBFDCE7}"
EndProject
Project("{2150E333-8FDC-42A3-9474-1A3956D46DE8}") = "Application", "Application", "{AE2C6DF7-2C78-4CF0-9D24-22F0281A2734}"
EndProject
Project("{9A19103F-16F7-4668-BE54-9A1E7A4F7556}") = "BLS.Domain", "BLS.Domain\BLS.Domain.csproj", "{48420236-A034-4842-8626-B87F410DE5A5}"
EndProject
Project("{2150E333-8FDC-42A3-9474-1A3956D46DE8}") = "BookInventory", "BookInventory", "{F073A0CE-D5F4-44B5-98EA-1033F7CFE3BA}"
EndProject
Project("{2150E333-8FDC-42A3-9474-1A3956D46DE8}") = "Domain", "Domain", "{A1D71343-5366-4C5C-9A42-F047B2D23D51}"
EndProject
Project("{FAE04EC0-301F-11D3-BF4B-00C04F79EFBC}") = "BI.Domain", "BI.Domain\BI.Domain.csproj", "{66EA7EA8-B6FB-465C-9634-B352B9DE904F}"
EndProject
Project("{2150E333-8FDC-42A3-9474-1A3956D46DE8}") = "Application", "Application", "{B35DB895-7143-469C-BE12-69BE597A5FA0}"
EndProject
Project("{FAE04EC0-301F-11D3-BF4B-00C04F79EFBC}") = "BI.ApplicationContracts", "BI.ApplicationContracts\BI.ApplicationContracts.csproj", "{38FD9314-3DFD-4A60-8F37-62483472A645}"
EndProject
Project("{FAE04EC0-301F-11D3-BF4B-00C04F79EFBC}") = "BI.ApplicationServices", "BI.ApplicationServices\BI.ApplicationServices.csproj", "{BB3F7E2D-46E6-44E8-BB8B-40948F1435B6}"
EndProject
Global
	GlobalSection(SolutionConfigurationPlatforms) = preSolution
		Debug|Any CPU = Debug|Any CPU
		Release|Any CPU = Release|Any CPU
	EndGlobalSection
	GlobalSection(ProjectConfigurationPlatforms) = postSolution
		{B02F15AA-6B86-4B13-BEF7-5D22239F272F}.Debug|Any CPU.ActiveCfg = Debug|Any CPU
		{B02F15AA-6B86-4B13-BEF7-5D22239F272F}.Debug|Any CPU.Build.0 = Debug|Any CPU
		{B02F15AA-6B86-4B13-BEF7-5D22239F272F}.Release|Any CPU.ActiveCfg = Release|Any CPU
		{B02F15AA-6B86-4B13-BEF7-5D22239F272F}.Release|Any CPU.Build.0 = Release|Any CPU
		{4B21B279-6F8C-48D6-BAA7-BD12A3E0EA58}.Debug|Any CPU.ActiveCfg = Debug|Any CPU
		{4B21B279-6F8C-48D6-BAA7-BD12A3E0EA58}.Debug|Any CPU.Build.0 = Debug|Any CPU
		{4B21B279-6F8C-48D6-BAA7-BD12A3E0EA58}.Release|Any CPU.ActiveCfg = Release|Any CPU
		{4B21B279-6F8C-48D6-BAA7-BD12A3E0EA58}.Release|Any CPU.Build.0 = Release|Any CPU
		{ABC3DC41-66F3-4B0B-9C37-661061E3D43B}.Debug|Any CPU.ActiveCfg = Debug|Any CPU
		{ABC3DC41-66F3-4B0B-9C37-661061E3D43B}.Debug|Any CPU.Build.0 = Debug|Any CPU
		{ABC3DC41-66F3-4B0B-9C37-661061E3D43B}.Release|Any CPU.ActiveCfg = Release|Any CPU
		{ABC3DC41-66F3-4B0B-9C37-661061E3D43B}.Release|Any CPU.Build.0 = Release|Any CPU
		{0F62BD17-CE03-4919-ACFE-8682B1732B98}.Debug|Any CPU.ActiveCfg = Debug|Any CPU
		{0F62BD17-CE03-4919-ACFE-8682B1732B98}.Debug|Any CPU.Build.0 = Debug|Any CPU
		{0F62BD17-CE03-4919-ACFE-8682B1732B98}.Release|Any CPU.ActiveCfg = Release|Any CPU
		{0F62BD17-CE03-4919-ACFE-8682B1732B98}.Release|Any CPU.Build.0 = Release|Any CPU
		{02C633D3-26D8-4719-A9B8-F249D70EC9A9}.Debug|Any CPU.ActiveCfg = Debug|Any CPU
		{02C633D3-26D8-4719-A9B8-F249D70EC9A9}.Debug|Any CPU.Build.0 = Debug|Any CPU
		{02C633D3-26D8-4719-A9B8-F249D70EC9A9}.Release|Any CPU.ActiveCfg = Release|Any CPU
		{02C633D3-26D8-4719-A9B8-F249D70EC9A9}.Release|Any CPU.Build.0 = Release|Any CPU
		{5FAF102B-305E-48C2-BB79-574A9D0A85A5}.Debug|Any CPU.ActiveCfg = Debug|Any CPU
		{5FAF102B-305E-48C2-BB79-574A9D0A85A5}.Debug|Any CPU.Build.0 = Debug|Any CPU
		{5FAF102B-305E-48C2-BB79-574A9D0A85A5}.Release|Any CPU.ActiveCfg = Release|Any CPU
		{5FAF102B-305E-48C2-BB79-574A9D0A85A5}.Release|Any CPU.Build.0 = Release|Any CPU
		{48420236-A034-4842-8626-B87F410DE5A5}.Debug|Any CPU.ActiveCfg = Debug|Any CPU
		{48420236-A034-4842-8626-B87F410DE5A5}.Debug|Any CPU.Build.0 = Debug|Any CPU
		{48420236-A034-4842-8626-B87F410DE5A5}.Release|Any CPU.ActiveCfg = Release|Any CPU
		{48420236-A034-4842-8626-B87F410DE5A5}.Release|Any CPU.Build.0 = Release|Any CPU
		{66EA7EA8-B6FB-465C-9634-B352B9DE904F}.Debug|Any CPU.ActiveCfg = Debug|Any CPU
		{66EA7EA8-B6FB-465C-9634-B352B9DE904F}.Debug|Any CPU.Build.0 = Debug|Any CPU
		{66EA7EA8-B6FB-465C-9634-B352B9DE904F}.Release|Any CPU.ActiveCfg = Release|Any CPU
		{66EA7EA8-B6FB-465C-9634-B352B9DE904F}.Release|Any CPU.Build.0 = Release|Any CPU
		{38FD9314-3DFD-4A60-8F37-62483472A645}.Debug|Any CPU.ActiveCfg = Debug|Any CPU
		{38FD9314-3DFD-4A60-8F37-62483472A645}.Debug|Any CPU.Build.0 = Debug|Any CPU
		{38FD9314-3DFD-4A60-8F37-62483472A645}.Release|Any CPU.ActiveCfg = Release|Any CPU
		{38FD9314-3DFD-4A60-8F37-62483472A645}.Release|Any CPU.Build.0 = Release|Any CPU
		{BB3F7E2D-46E6-44E8-BB8B-40948F1435B6}.Debug|Any CPU.ActiveCfg = Debug|Any CPU
		{BB3F7E2D-46E6-44E8-BB8B-40948F1435B6}.Debug|Any CPU.Build.0 = Debug|Any CPU
		{BB3F7E2D-46E6-44E8-BB8B-40948F1435B6}.Release|Any CPU.ActiveCfg = Release|Any CPU
		{BB3F7E2D-46E6-44E8-BB8B-40948F1435B6}.Release|Any CPU.Build.0 = Release|Any CPU
	EndGlobalSection
	GlobalSection(SolutionProperties) = preSolution
		HideSolutionNode = FALSE
	EndGlobalSection
	GlobalSection(NestedProjects) = preSolution
		{8829ED7A-4A6B-480F-BCE0-0AEF24FA49E5} = {BE4607F6-F9FB-464F-8146-6C1087C5A58F}
		{70DEBD62-1CA7-4C86-BFCF-0A7FB072CB58} = {BE4607F6-F9FB-464F-8146-6C1087C5A58F}
		{964A9B13-6CD4-4982-891E-87C2A8A25539} = {BE4607F6-F9FB-464F-8146-6C1087C5A58F}
		{8ED1C5DB-9F7F-4565-A3E4-F5A21B25A73B} = {BE4607F6-F9FB-464F-8146-6C1087C5A58F}
		{88BE7990-FDFE-43E2-BF67-71C3ABD7E57D} = {70DEBD62-1CA7-4C86-BFCF-0A7FB072CB58}
		{85B86C10-DE63-4FCA-97A2-2A7C5ED4F6D4} = {70DEBD62-1CA7-4C86-BFCF-0A7FB072CB58}
		{74DACCC1-F196-4E72-B01C-FF2D03188408} = {70DEBD62-1CA7-4C86-BFCF-0A7FB072CB58}
		{F97C63DF-D3FA-470A-8EAD-4F789209B285} = {70DEBD62-1CA7-4C86-BFCF-0A7FB072CB58}
		{4B21B279-6F8C-48D6-BAA7-BD12A3E0EA58} = {F97C63DF-D3FA-470A-8EAD-4F789209B285}
		{ABC3DC41-66F3-4B0B-9C37-661061E3D43B} = {74DACCC1-F196-4E72-B01C-FF2D03188408}
		{0F62BD17-CE03-4919-ACFE-8682B1732B98} = {88BE7990-FDFE-43E2-BF67-71C3ABD7E57D}
		{02C633D3-26D8-4719-A9B8-F249D70EC9A9} = {85B86C10-DE63-4FCA-97A2-2A7C5ED4F6D4}
		{5FAF102B-305E-48C2-BB79-574A9D0A85A5} = {85B86C10-DE63-4FCA-97A2-2A7C5ED4F6D4}
		{FD037535-7383-448B-9748-0B7FF205C28C} = {8829ED7A-4A6B-480F-BCE0-0AEF24FA49E5}
		{8EF5348E-7DC9-4F58-A090-6F761FBFDCE7} = {8829ED7A-4A6B-480F-BCE0-0AEF24FA49E5}
		{AE2C6DF7-2C78-4CF0-9D24-22F0281A2734} = {8829ED7A-4A6B-480F-BCE0-0AEF24FA49E5}
		{48420236-A034-4842-8626-B87F410DE5A5} = {FD037535-7383-448B-9748-0B7FF205C28C}
		{F073A0CE-D5F4-44B5-98EA-1033F7CFE3BA} = {BE4607F6-F9FB-464F-8146-6C1087C5A58F}
		{A1D71343-5366-4C5C-9A42-F047B2D23D51} = {F073A0CE-D5F4-44B5-98EA-1033F7CFE3BA}
		{66EA7EA8-B6FB-465C-9634-B352B9DE904F} = {A1D71343-5366-4C5C-9A42-F047B2D23D51}
		{B35DB895-7143-469C-BE12-69BE597A5FA0} = {A1D71343-5366-4C5C-9A42-F047B2D23D51}
		{38FD9314-3DFD-4A60-8F37-62483472A645} = {B35DB895-7143-469C-BE12-69BE597A5FA0}
		{BB3F7E2D-46E6-44E8-BB8B-40948F1435B6} = {B35DB895-7143-469C-BE12-69BE597A5FA0}
	EndGlobalSection
	GlobalSection(ExtensibilityGlobals) = postSolution
		SolutionGuid = {BA85AEB7-276E-4896-9EA8-5FA32BD9BAB5}
	EndGlobalSection
EndGlobal
