
Microsoft Visual Studio Solution File, Format Version 12.00
# Visual Studio Version 17
VisualStudioVersion = 17.5.33530.505
MinimumVisualStudioVersion = 10.0.40219.1
Project("{9A19103F-16F7-4668-BE54-9A1E7A4F7556}") = "AppFramework", "AppFramework\AppFramework.csproj", "{B02F15AA-6B86-4B13-BEF7-5D22239F272F}"
EndProject
Project("{2150E333-8FDC-42A3-9474-1A3956D46DE8}") = "src", "src", "{BE4607F6-F9FB-464F-8146-6C1087C5A58F}"
EndProject
Project("{2150E333-8FDC-42A3-9474-1A3956D46DE8}") = "BookManagement", "BookManagement", "{70DEBD62-1CA7-4C86-BFCF-0A7FB072CB58}"
EndProject
Project("{2150E333-8FDC-42A3-9474-1A3956D46DE8}") = "Domain", "Domain", "{88BE7990-FDFE-43E2-BF67-71C3ABD7E57D}"
EndProject
Project("{2150E333-8FDC-42A3-9474-1A3956D46DE8}") = "Presentation", "Presentation", "{74DACCC1-F196-4E72-B01C-FF2D03188408}"
EndProject
Project("{2150E333-8FDC-42A3-9474-1A3956D46DE8}") = "Infra", "Infra", "{F97C63DF-D3FA-470A-8EAD-4F789209B285}"
EndProject
Project("{2150E333-8FDC-42A3-9474-1A3956D46DE8}") = "BookInventory", "BookInventory", "{F073A0CE-D5F4-44B5-98EA-1033F7CFE3BA}"
EndProject
Project("{2150E333-8FDC-42A3-9474-1A3956D46DE8}") = "Domain", "Domain", "{A1D71343-5366-4C5C-9A42-F047B2D23D51}"
EndProject
Project("{2150E333-8FDC-42A3-9474-1A3956D46DE8}") = "Infra", "Infra", "{4AC4673E-4A4D-4BFB-859B-D47E3B8C2E7F}"
EndProject
Project("{2150E333-8FDC-42A3-9474-1A3956D46DE8}") = "AAA", "AAA", "{30E0959E-877E-4935-8B49-DED82B6DF64C}"
EndProject
Project("{2150E333-8FDC-42A3-9474-1A3956D46DE8}") = "Infrastructure", "Infrastructure", "{9D63E05D-88E1-4036-9D1E-B96806D15480}"
EndProject
Project("{2150E333-8FDC-42A3-9474-1A3956D46DE8}") = "Domain", "Domain", "{CD344D3B-2ADD-4D60-A26E-BC1EC8989E49}"
EndProject
Project("{2150E333-8FDC-42A3-9474-1A3956D46DE8}") = "EndPoint", "EndPoint", "{1868FB10-3D49-49C4-B2F3-2F6340A6C659}"
EndProject
Project("{2150E333-8FDC-42A3-9474-1A3956D46DE8}") = "test", "test", "{8378B1D5-3D01-4D3F-AF79-880B003C2C2A}"
EndProject
Project("{9A19103F-16F7-4668-BE54-9A1E7A4F7556}") = "Library.Test", "Library.Test\Library.Test.csproj", "{6763C484-AB79-49D6-8B13-1BEC09374160}"
EndProject
Project("{9A19103F-16F7-4668-BE54-9A1E7A4F7556}") = "Identity.Application", "Identity.Application\Identity.Application.csproj", "{177FC1C6-C5A8-4804-A026-4A381DB6D8EF}"
EndProject
Project("{9A19103F-16F7-4668-BE54-9A1E7A4F7556}") = "Identity.Domain", "Identity.Domain\Identity.Domain.csproj", "{DD3144D5-556E-40FC-8AE0-C89E4465D4DF}"
EndProject
Project("{9A19103F-16F7-4668-BE54-9A1E7A4F7556}") = "Identity.Persistance", "Identity.Persistance\Identity.Persistance.csproj", "{3171762D-F7C4-4E97-A188-597178CE4794}"
EndProject
Project("{9A19103F-16F7-4668-BE54-9A1E7A4F7556}") = "Identity.Services", "Identity.Services\Identity.Services.csproj", "{61508505-F1C4-46CA-A449-6419F5E2664C}"
EndProject
Project("{2150E333-8FDC-42A3-9474-1A3956D46DE8}") = "Logging", "Logging", "{171E8FAA-EDDF-497D-881A-D85E27E4BAE2}"
EndProject
Project("{9A19103F-16F7-4668-BE54-9A1E7A4F7556}") = "Logging.Persistance", "Logging.Persistance\Logging.Persistance.csproj", "{E0AAFCAC-3F19-42EE-9D1F-D8F84EA216CA}"
EndProject
Project("{9A19103F-16F7-4668-BE54-9A1E7A4F7556}") = "Library.EndPoint.MVC", "Library.EndPoint.MVC\Library.EndPoint.MVC.csproj", "{CCBFAB98-107B-407C-AC76-BB2F1E7846E2}"
EndProject
Project("{9A19103F-16F7-4668-BE54-9A1E7A4F7556}") = "Warehouse.Configuration", "Warehouse.Configuration\Warehouse.Configuration.csproj", "{9D3FD493-283F-4523-810C-0F0CA0FEF8D2}"
EndProject
Project("{9A19103F-16F7-4668-BE54-9A1E7A4F7556}") = "Warehouse.Domain", "Warehouse.Domain\Warehouse.Domain.csproj", "{4781FB51-6CFD-42DE-8069-2DE76E965344}"
EndProject
Project("{9A19103F-16F7-4668-BE54-9A1E7A4F7556}") = "Warehouse.Application", "Warehouse.Application\Warehouse.Application.csproj", "{02BD810B-1B34-4EAA-AC6F-F2AF3FFA0B04}"
EndProject
Project("{2150E333-8FDC-42A3-9474-1A3956D46DE8}") = "ACL", "ACL", "{4CD7C8DE-FB2F-48AA-A003-A17F9785CF5F}"
EndProject
Project("{9A19103F-16F7-4668-BE54-9A1E7A4F7556}") = "Library.ACL", "Library.ACL\Library.ACL.csproj", "{BEF17F32-775C-4206-94BD-0207CC56EA7E}"
EndProject
Project("{9A19103F-16F7-4668-BE54-9A1E7A4F7556}") = "Warehouse.Persistance", "Warehouse.Persistance\Warehouse.Persistance.csproj", "{894653CA-B04B-4E21-B33C-9EC432C22E51}"
EndProject
Project("{9A19103F-16F7-4668-BE54-9A1E7A4F7556}") = "Library.Domain", "Library.Domain\Library.Domain.csproj", "{2C171758-9076-456A-B529-C9523AD768EF}"
EndProject
Project("{9A19103F-16F7-4668-BE54-9A1E7A4F7556}") = "Library.Application", "Library.Application\Library.Application.csproj", "{A70CA839-B7E7-4DF9-A488-AADC11B567B2}"
EndProject
Project("{9A19103F-16F7-4668-BE54-9A1E7A4F7556}") = "Library.Persistance", "Library.Persistance\Library.Persistance.csproj", "{4170505C-8373-431E-99A1-9D68BF56EB70}"
EndProject
Project("{9A19103F-16F7-4668-BE54-9A1E7A4F7556}") = "Library.Configuration", "Library.Configuration\Library.Configuration.csproj", "{3B176274-C8DC-4939-9BF7-149784273990}"
EndProject
Global
	GlobalSection(SolutionConfigurationPlatforms) = preSolution
		Debug|Any CPU = Debug|Any CPU
		Release|Any CPU = Release|Any CPU
	EndGlobalSection
	GlobalSection(ProjectConfigurationPlatforms) = postSolution
		{B02F15AA-6B86-4B13-BEF7-5D22239F272F}.Debug|Any CPU.ActiveCfg = Debug|Any CPU
		{B02F15AA-6B86-4B13-BEF7-5D22239F272F}.Debug|Any CPU.Build.0 = Debug|Any CPU
		{B02F15AA-6B86-4B13-BEF7-5D22239F272F}.Release|Any CPU.ActiveCfg = Release|Any CPU
		{B02F15AA-6B86-4B13-BEF7-5D22239F272F}.Release|Any CPU.Build.0 = Release|Any CPU
		{6763C484-AB79-49D6-8B13-1BEC09374160}.Debug|Any CPU.ActiveCfg = Debug|Any CPU
		{6763C484-AB79-49D6-8B13-1BEC09374160}.Debug|Any CPU.Build.0 = Debug|Any CPU
		{6763C484-AB79-49D6-8B13-1BEC09374160}.Release|Any CPU.ActiveCfg = Release|Any CPU
		{6763C484-AB79-49D6-8B13-1BEC09374160}.Release|Any CPU.Build.0 = Release|Any CPU
		{177FC1C6-C5A8-4804-A026-4A381DB6D8EF}.Debug|Any CPU.ActiveCfg = Debug|Any CPU
		{177FC1C6-C5A8-4804-A026-4A381DB6D8EF}.Debug|Any CPU.Build.0 = Debug|Any CPU
		{177FC1C6-C5A8-4804-A026-4A381DB6D8EF}.Release|Any CPU.ActiveCfg = Release|Any CPU
		{177FC1C6-C5A8-4804-A026-4A381DB6D8EF}.Release|Any CPU.Build.0 = Release|Any CPU
		{DD3144D5-556E-40FC-8AE0-C89E4465D4DF}.Debug|Any CPU.ActiveCfg = Debug|Any CPU
		{DD3144D5-556E-40FC-8AE0-C89E4465D4DF}.Debug|Any CPU.Build.0 = Debug|Any CPU
		{DD3144D5-556E-40FC-8AE0-C89E4465D4DF}.Release|Any CPU.ActiveCfg = Release|Any CPU
		{DD3144D5-556E-40FC-8AE0-C89E4465D4DF}.Release|Any CPU.Build.0 = Release|Any CPU
		{3171762D-F7C4-4E97-A188-597178CE4794}.Debug|Any CPU.ActiveCfg = Debug|Any CPU
		{3171762D-F7C4-4E97-A188-597178CE4794}.Debug|Any CPU.Build.0 = Debug|Any CPU
		{3171762D-F7C4-4E97-A188-597178CE4794}.Release|Any CPU.ActiveCfg = Release|Any CPU
		{3171762D-F7C4-4E97-A188-597178CE4794}.Release|Any CPU.Build.0 = Release|Any CPU
		{61508505-F1C4-46CA-A449-6419F5E2664C}.Debug|Any CPU.ActiveCfg = Debug|Any CPU
		{61508505-F1C4-46CA-A449-6419F5E2664C}.Debug|Any CPU.Build.0 = Debug|Any CPU
		{61508505-F1C4-46CA-A449-6419F5E2664C}.Release|Any CPU.ActiveCfg = Release|Any CPU
		{61508505-F1C4-46CA-A449-6419F5E2664C}.Release|Any CPU.Build.0 = Release|Any CPU
		{E0AAFCAC-3F19-42EE-9D1F-D8F84EA216CA}.Debug|Any CPU.ActiveCfg = Debug|Any CPU
		{E0AAFCAC-3F19-42EE-9D1F-D8F84EA216CA}.Debug|Any CPU.Build.0 = Debug|Any CPU
		{E0AAFCAC-3F19-42EE-9D1F-D8F84EA216CA}.Release|Any CPU.ActiveCfg = Release|Any CPU
		{E0AAFCAC-3F19-42EE-9D1F-D8F84EA216CA}.Release|Any CPU.Build.0 = Release|Any CPU
		{CCBFAB98-107B-407C-AC76-BB2F1E7846E2}.Debug|Any CPU.ActiveCfg = Debug|Any CPU
		{CCBFAB98-107B-407C-AC76-BB2F1E7846E2}.Debug|Any CPU.Build.0 = Debug|Any CPU
		{CCBFAB98-107B-407C-AC76-BB2F1E7846E2}.Release|Any CPU.ActiveCfg = Release|Any CPU
		{CCBFAB98-107B-407C-AC76-BB2F1E7846E2}.Release|Any CPU.Build.0 = Release|Any CPU
		{9D3FD493-283F-4523-810C-0F0CA0FEF8D2}.Debug|Any CPU.ActiveCfg = Debug|Any CPU
		{9D3FD493-283F-4523-810C-0F0CA0FEF8D2}.Debug|Any CPU.Build.0 = Debug|Any CPU
		{9D3FD493-283F-4523-810C-0F0CA0FEF8D2}.Release|Any CPU.ActiveCfg = Release|Any CPU
		{9D3FD493-283F-4523-810C-0F0CA0FEF8D2}.Release|Any CPU.Build.0 = Release|Any CPU
		{4781FB51-6CFD-42DE-8069-2DE76E965344}.Debug|Any CPU.ActiveCfg = Debug|Any CPU
		{4781FB51-6CFD-42DE-8069-2DE76E965344}.Debug|Any CPU.Build.0 = Debug|Any CPU
		{4781FB51-6CFD-42DE-8069-2DE76E965344}.Release|Any CPU.ActiveCfg = Release|Any CPU
		{4781FB51-6CFD-42DE-8069-2DE76E965344}.Release|Any CPU.Build.0 = Release|Any CPU
		{02BD810B-1B34-4EAA-AC6F-F2AF3FFA0B04}.Debug|Any CPU.ActiveCfg = Debug|Any CPU
		{02BD810B-1B34-4EAA-AC6F-F2AF3FFA0B04}.Debug|Any CPU.Build.0 = Debug|Any CPU
		{02BD810B-1B34-4EAA-AC6F-F2AF3FFA0B04}.Release|Any CPU.ActiveCfg = Release|Any CPU
		{02BD810B-1B34-4EAA-AC6F-F2AF3FFA0B04}.Release|Any CPU.Build.0 = Release|Any CPU
		{BEF17F32-775C-4206-94BD-0207CC56EA7E}.Debug|Any CPU.ActiveCfg = Debug|Any CPU
		{BEF17F32-775C-4206-94BD-0207CC56EA7E}.Debug|Any CPU.Build.0 = Debug|Any CPU
		{BEF17F32-775C-4206-94BD-0207CC56EA7E}.Release|Any CPU.ActiveCfg = Release|Any CPU
		{BEF17F32-775C-4206-94BD-0207CC56EA7E}.Release|Any CPU.Build.0 = Release|Any CPU
		{894653CA-B04B-4E21-B33C-9EC432C22E51}.Debug|Any CPU.ActiveCfg = Debug|Any CPU
		{894653CA-B04B-4E21-B33C-9EC432C22E51}.Debug|Any CPU.Build.0 = Debug|Any CPU
		{894653CA-B04B-4E21-B33C-9EC432C22E51}.Release|Any CPU.ActiveCfg = Release|Any CPU
		{894653CA-B04B-4E21-B33C-9EC432C22E51}.Release|Any CPU.Build.0 = Release|Any CPU
		{2C171758-9076-456A-B529-C9523AD768EF}.Debug|Any CPU.ActiveCfg = Debug|Any CPU
		{2C171758-9076-456A-B529-C9523AD768EF}.Debug|Any CPU.Build.0 = Debug|Any CPU
		{2C171758-9076-456A-B529-C9523AD768EF}.Release|Any CPU.ActiveCfg = Release|Any CPU
		{2C171758-9076-456A-B529-C9523AD768EF}.Release|Any CPU.Build.0 = Release|Any CPU
		{A70CA839-B7E7-4DF9-A488-AADC11B567B2}.Debug|Any CPU.ActiveCfg = Debug|Any CPU
		{A70CA839-B7E7-4DF9-A488-AADC11B567B2}.Debug|Any CPU.Build.0 = Debug|Any CPU
		{A70CA839-B7E7-4DF9-A488-AADC11B567B2}.Release|Any CPU.ActiveCfg = Release|Any CPU
		{A70CA839-B7E7-4DF9-A488-AADC11B567B2}.Release|Any CPU.Build.0 = Release|Any CPU
		{4170505C-8373-431E-99A1-9D68BF56EB70}.Debug|Any CPU.ActiveCfg = Debug|Any CPU
		{4170505C-8373-431E-99A1-9D68BF56EB70}.Debug|Any CPU.Build.0 = Debug|Any CPU
		{4170505C-8373-431E-99A1-9D68BF56EB70}.Release|Any CPU.ActiveCfg = Release|Any CPU
		{4170505C-8373-431E-99A1-9D68BF56EB70}.Release|Any CPU.Build.0 = Release|Any CPU
		{3B176274-C8DC-4939-9BF7-149784273990}.Debug|Any CPU.ActiveCfg = Debug|Any CPU
		{3B176274-C8DC-4939-9BF7-149784273990}.Debug|Any CPU.Build.0 = Debug|Any CPU
		{3B176274-C8DC-4939-9BF7-149784273990}.Release|Any CPU.ActiveCfg = Release|Any CPU
		{3B176274-C8DC-4939-9BF7-149784273990}.Release|Any CPU.Build.0 = Release|Any CPU
	EndGlobalSection
	GlobalSection(SolutionProperties) = preSolution
		HideSolutionNode = FALSE
	EndGlobalSection
	GlobalSection(NestedProjects) = preSolution
		{70DEBD62-1CA7-4C86-BFCF-0A7FB072CB58} = {BE4607F6-F9FB-464F-8146-6C1087C5A58F}
		{88BE7990-FDFE-43E2-BF67-71C3ABD7E57D} = {70DEBD62-1CA7-4C86-BFCF-0A7FB072CB58}
		{74DACCC1-F196-4E72-B01C-FF2D03188408} = {70DEBD62-1CA7-4C86-BFCF-0A7FB072CB58}
		{F97C63DF-D3FA-470A-8EAD-4F789209B285} = {70DEBD62-1CA7-4C86-BFCF-0A7FB072CB58}
		{F073A0CE-D5F4-44B5-98EA-1033F7CFE3BA} = {BE4607F6-F9FB-464F-8146-6C1087C5A58F}
		{A1D71343-5366-4C5C-9A42-F047B2D23D51} = {F073A0CE-D5F4-44B5-98EA-1033F7CFE3BA}
		{4AC4673E-4A4D-4BFB-859B-D47E3B8C2E7F} = {F073A0CE-D5F4-44B5-98EA-1033F7CFE3BA}
		{30E0959E-877E-4935-8B49-DED82B6DF64C} = {BE4607F6-F9FB-464F-8146-6C1087C5A58F}
		{9D63E05D-88E1-4036-9D1E-B96806D15480} = {30E0959E-877E-4935-8B49-DED82B6DF64C}
		{CD344D3B-2ADD-4D60-A26E-BC1EC8989E49} = {30E0959E-877E-4935-8B49-DED82B6DF64C}
		{1868FB10-3D49-49C4-B2F3-2F6340A6C659} = {BE4607F6-F9FB-464F-8146-6C1087C5A58F}
		{6763C484-AB79-49D6-8B13-1BEC09374160} = {8378B1D5-3D01-4D3F-AF79-880B003C2C2A}
		{177FC1C6-C5A8-4804-A026-4A381DB6D8EF} = {CD344D3B-2ADD-4D60-A26E-BC1EC8989E49}
		{DD3144D5-556E-40FC-8AE0-C89E4465D4DF} = {CD344D3B-2ADD-4D60-A26E-BC1EC8989E49}
		{3171762D-F7C4-4E97-A188-597178CE4794} = {9D63E05D-88E1-4036-9D1E-B96806D15480}
		{61508505-F1C4-46CA-A449-6419F5E2664C} = {9D63E05D-88E1-4036-9D1E-B96806D15480}
		{171E8FAA-EDDF-497D-881A-D85E27E4BAE2} = {BE4607F6-F9FB-464F-8146-6C1087C5A58F}
		{E0AAFCAC-3F19-42EE-9D1F-D8F84EA216CA} = {171E8FAA-EDDF-497D-881A-D85E27E4BAE2}
		{CCBFAB98-107B-407C-AC76-BB2F1E7846E2} = {1868FB10-3D49-49C4-B2F3-2F6340A6C659}
		{9D3FD493-283F-4523-810C-0F0CA0FEF8D2} = {4AC4673E-4A4D-4BFB-859B-D47E3B8C2E7F}
		{4781FB51-6CFD-42DE-8069-2DE76E965344} = {A1D71343-5366-4C5C-9A42-F047B2D23D51}
		{02BD810B-1B34-4EAA-AC6F-F2AF3FFA0B04} = {A1D71343-5366-4C5C-9A42-F047B2D23D51}
		{4CD7C8DE-FB2F-48AA-A003-A17F9785CF5F} = {70DEBD62-1CA7-4C86-BFCF-0A7FB072CB58}
		{BEF17F32-775C-4206-94BD-0207CC56EA7E} = {4CD7C8DE-FB2F-48AA-A003-A17F9785CF5F}
		{894653CA-B04B-4E21-B33C-9EC432C22E51} = {4AC4673E-4A4D-4BFB-859B-D47E3B8C2E7F}
		{2C171758-9076-456A-B529-C9523AD768EF} = {88BE7990-FDFE-43E2-BF67-71C3ABD7E57D}
		{A70CA839-B7E7-4DF9-A488-AADC11B567B2} = {88BE7990-FDFE-43E2-BF67-71C3ABD7E57D}
		{4170505C-8373-431E-99A1-9D68BF56EB70} = {F97C63DF-D3FA-470A-8EAD-4F789209B285}
		{3B176274-C8DC-4939-9BF7-149784273990} = {F97C63DF-D3FA-470A-8EAD-4F789209B285}
	EndGlobalSection
	GlobalSection(ExtensibilityGlobals) = postSolution
		SolutionGuid = {BA85AEB7-276E-4896-9EA8-5FA32BD9BAB5}
	EndGlobalSection
EndGlobal
